Microsoft Visual Studio Solution File, Format Version 12.00
# Visual Studio Version 17
VisualStudioVersion = 17.0.32112.339
MinimumVisualStudioVersion = 10.0.40219.1
Project("{11A8DD76-328B-46DF-9F39-F559912D0360}") = "nanoFramework.Json", "nanoFramework.Json\nanoFramework.Json.nfproj", "{181141FB-0D05-41C8-8692-81A2989E6B4B}"
EndProject
Project("{2150E333-8FDC-42A3-9474-1A3956D46DE8}") = "Solution Items", "Solution Items", "{BAFE1F60-FD27-41B0-9E8C-117F56001A8C}"
	ProjectSection(SolutionItems) = preProject
		nanoFramework.Json.nuspec = nanoFramework.Json.nuspec
		NuGet.Config = NuGet.Config
		version.json = version.json
	EndProjectSection
EndProject
Project("{11A8DD76-328B-46DF-9F39-F559912D0360}") = "nanoFramework.Json.Test", "nanoFramework.Json.Test\nanoFramework.Json.Test.nfproj", "{5A9F99EF-C654-4AA3-BCE1-35691CC2DE56}"
EndProject
Project("{11A8DD76-328B-46DF-9F39-F559912D0360}") = "nanoFramework.Json.Benchmark", "nanoFramework.Json.Benchmark\nanoFramework.Json.Benchmark.nfproj", "{5E288BDC-FC7B-4ED8-B1E2-2C20F2868159}"
EndProject
Project("{2150E333-8FDC-42A3-9474-1A3956D46DE8}") = "Tests", "Tests", "{365AFDD4-E454-498E-A297-7EB823C77555}"
EndProject
Project("{11A8DD76-328B-46DF-9F39-F559912D0360}") = "nanoFramework.Json.Test.Shared", "nanoFramework.Json.Test.Shared\nanoFramework.Json.Test.Shared.nfproj", "{67CF57C4-B414-40CF-9A69-3BBFF2D58EAA}"
EndProject
Global
	GlobalSection(SolutionConfigurationPlatforms) = preSolution
		Debug|Any CPU = Debug|Any CPU
		Release|Any CPU = Release|Any CPU
	EndGlobalSection
	GlobalSection(ProjectConfigurationPlatforms) = postSolution
		{181141FB-0D05-41C8-8692-81A2989E6B4B}.Debug|Any CPU.ActiveCfg = Debug|Any CPU
		{181141FB-0D05-41C8-8692-81A2989E6B4B}.Debug|Any CPU.Build.0 = Debug|Any CPU
		{181141FB-0D05-41C8-8692-81A2989E6B4B}.Debug|Any CPU.Deploy.0 = Debug|Any CPU
		{181141FB-0D05-41C8-8692-81A2989E6B4B}.Release|Any CPU.ActiveCfg = Release|Any CPU
		{181141FB-0D05-41C8-8692-81A2989E6B4B}.Release|Any CPU.Build.0 = Release|Any CPU
		{181141FB-0D05-41C8-8692-81A2989E6B4B}.Release|Any CPU.Deploy.0 = Release|Any CPU
		{5A9F99EF-C654-4AA3-BCE1-35691CC2DE56}.Debug|Any CPU.ActiveCfg = Debug|Any CPU
		{5A9F99EF-C654-4AA3-BCE1-35691CC2DE56}.Debug|Any CPU.Build.0 = Debug|Any CPU
		{5A9F99EF-C654-4AA3-BCE1-35691CC2DE56}.Debug|Any CPU.Deploy.0 = Debug|Any CPU
		{5A9F99EF-C654-4AA3-BCE1-35691CC2DE56}.Release|Any CPU.ActiveCfg = Release|Any CPU
		{5A9F99EF-C654-4AA3-BCE1-35691CC2DE56}.Release|Any CPU.Build.0 = Release|Any CPU
		{5A9F99EF-C654-4AA3-BCE1-35691CC2DE56}.Release|Any CPU.Deploy.0 = Release|Any CPU
		{5E288BDC-FC7B-4ED8-B1E2-2C20F2868159}.Debug|Any CPU.ActiveCfg = Debug|Any CPU
		{5E288BDC-FC7B-4ED8-B1E2-2C20F2868159}.Debug|Any CPU.Build.0 = Debug|Any CPU
		{5E288BDC-FC7B-4ED8-B1E2-2C20F2868159}.Debug|Any CPU.Deploy.0 = Debug|Any CPU
		{5E288BDC-FC7B-4ED8-B1E2-2C20F2868159}.Release|Any CPU.ActiveCfg = Release|Any CPU
		{5E288BDC-FC7B-4ED8-B1E2-2C20F2868159}.Release|Any CPU.Build.0 = Release|Any CPU
		{5E288BDC-FC7B-4ED8-B1E2-2C20F2868159}.Release|Any CPU.Deploy.0 = Release|Any CPU
		{67CF57C4-B414-40CF-9A69-3BBFF2D58EAA}.Debug|Any CPU.ActiveCfg = Debug|Any CPU
		{67CF57C4-B414-40CF-9A69-3BBFF2D58EAA}.Debug|Any CPU.Build.0 = Debug|Any CPU
		{67CF57C4-B414-40CF-9A69-3BBFF2D58EAA}.Debug|Any CPU.Deploy.0 = Debug|Any CPU
		{67CF57C4-B414-40CF-9A69-3BBFF2D58EAA}.Release|Any CPU.ActiveCfg = Release|Any CPU
		{67CF57C4-B414-40CF-9A69-3BBFF2D58EAA}.Release|Any CPU.Build.0 = Release|Any CPU
		{67CF57C4-B414-40CF-9A69-3BBFF2D58EAA}.Release|Any CPU.Deploy.0 = Release|Any CPU
	EndGlobalSection
	GlobalSection(SolutionProperties) = preSolution
		HideSolutionNode = FALSE
	EndGlobalSection
	GlobalSection(NestedProjects) = preSolution
		{5A9F99EF-C654-4AA3-BCE1-35691CC2DE56} = {365AFDD4-E454-498E-A297-7EB823C77555}
		{5E288BDC-FC7B-4ED8-B1E2-2C20F2868159} = {365AFDD4-E454-498E-A297-7EB823C77555}
		{67CF57C4-B414-40CF-9A69-3BBFF2D58EAA} = {365AFDD4-E454-498E-A297-7EB823C77555}
	EndGlobalSection
	GlobalSection(ExtensibilityGlobals) = postSolution
		SolutionGuid = {9CFAABAD-B894-4D38-8BDB-F6F219787E08}
	EndGlobalSection
EndGlobal
