{
  "version": 1,
  "dependencies": {
    ".NETnanoFramework,Version=v1.0": {
      "nanoFramework.Benchmark": {
        "type": "Direct",
        "requested": "[1.0.113, 1.0.113]",
        "resolved": "1.0.113",
        "contentHash": "RzyI2ZhBrnHHfTclGRv0zl92ueEEVqCgsfAEZ1WHElJdAfHCfJIHOQiHQha5IBJ0ttsLIEiy51fyBeDZpgLJCw=="
      },
      "nanoFramework.CoreLibrary": {
        "type": "Direct",
        "requested": "[2.0.0-preview.49, 2.0.0-preview.49]",
        "resolved": "2.0.0-preview.49",
        "contentHash": "/8/fw1qqEql05aelTR9QQi4ZF2M+Mdwuemjf9rul8yaOpl6jjnhhKfdRJMh4+BXp5VjwTZsALJVpp2aN+e7vzw=="
      },
      "nanoFramework.Logging": {
        "type": "Direct",
        "requested": "[2.0.0-preview.14, 2.0.0-preview.14]",
        "resolved": "2.0.0-preview.14",
        "contentHash": "Krrw6vIspUeN0vNqif/ShsY2LjaKABBLvHrXICdIg9sxtDVxPaJTbSSHs3zS8W2HUmwJ6iBZB9uwaCFyJwhIFA=="
      },
      "nanoFramework.Runtime.Native": {
        "type": "Direct",
        "requested": "[2.0.0-preview.23, 2.0.0-preview.23]",
        "resolved": "2.0.0-preview.23",
        "contentHash": "4PKEsjDZEoLehT4ikBXm018bn1HG0fwZAkIgTWf9RNZKQevLRP/O1SEtWANqVR9BwjqR6nj5ufDpouiaKKTWtQ=="
      },
      "nanoFramework.System.Collections": {
        "type": "Direct",
        "requested": "[2.0.0-preview.14, 2.0.0-preview.14]",
        "resolved": "2.0.0-preview.14",
        "contentHash": "bD/aprDzvUS7UGXXnP1NxY2fVw2686gNtiDXt1CV3IMA6YKu7cGXdPXfO8RYDkPNkHJ8omuHNuyUaq0OhJH82g=="
      },
      "nanoFramework.System.Diagnostics.Stopwatch": {
        "type": "Direct",
        "requested": "[2.0.0-preview.46, 2.0.0-preview.46]",
        "resolved": "2.0.0-preview.46",
        "contentHash": "Pyq4g6EA+Gj+0TvI6gO4iUSFv8kG43Bc7wV9G/OTEU3OjCoIN/Ydiq+tbrKZNjGJ0/ezpNrXSCZa/6QI6ElgtA=="
      },
      "nanoFramework.System.IO.Streams": {
        "type": "Direct",
        "requested": "[2.0.0-preview.17, 2.0.0-preview.17]",
        "resolved": "2.0.0-preview.17",
        "contentHash": "bJNKElIzGlyTi6cgKnVcO4nrM8XOsNTBdSJygL62vZGBWBUZi7tJqjJTwfGgay/yMvKfNNnYYMg17jEXCwmEWw=="
      },
      "nanoFramework.System.Text": {
        "type": "Direct",
        "requested": "[2.0.0-preview.18, 2.0.0-preview.18]",
        "resolved": "2.0.0-preview.18",
        "contentHash": "ZnV49vaKgIzXN223aZ8Co3GZexDY+0d92QmOqfMdM/tzGIG2gnOy90UfAwQ3/n3Ea3a5RxNNgSxwxNGwsFgyMQ=="
      }
    }
  }
}