{
  "version": 1,
  "dependencies": {
    ".NETnanoFramework,Version=v1.0": {
      "nanoFramework.Benchmark": {
        "type": "Direct",
        "requested": "[2.0.0-preview.1, 2.0.0-preview.1]",
        "resolved": "2.0.0-preview.1",
        "contentHash": "4JU2Y7B0hSd0TTGwTIHri5gY0dRX6ynaw0qWWAMUK40HQ4sYjv9QjzlNtpKb+nSpnhxypAqWs2CDa85ND2bDVg=="
      },
      "nanoFramework.CoreLibrary": {
        "type": "Direct",
        "requested": "[2.0.0-preview.52, 2.0.0-preview.52]",
        "resolved": "2.0.0-preview.52",
        "contentHash": "cV9JEhoc2OV/UL602i5xmEwQpnn/gzVMlDTAIAMRxCNwBKNYLO9U50OkJykpGnO2SULTsmvFqQWEGZiuANBZHw=="
      },
      "nanoFramework.Logging": {
        "type": "Direct",
        "requested": "[2.0.0-preview.24, 2.0.0-preview.24]",
        "resolved": "2.0.0-preview.24",
        "contentHash": "FVcYj9ttODjgvEYE/a3g4NvJ5s9BmgaSCowaqqAgrtKSU5p2RB1SkskP9KJFgyXug71a3Q/uaDgwO8EuaR1MfA=="
      },
      "nanoFramework.Runtime.Native": {
        "type": "Direct",
        "requested": "[2.0.0-preview.24, 2.0.0-preview.24]",
        "resolved": "2.0.0-preview.24",
        "contentHash": "Now6efyS5UCQUBVO2bIcJin8m/gzH7W3/0NVwn++m9U3lh8JFr0G894Uz/FbjAPrRPckyNlrdDmXmlYau3uw4Q=="
      },
      "nanoFramework.System.Collections": {
        "type": "Direct",
        "requested": "[2.0.0-preview.14, 2.0.0-preview.14]",
        "resolved": "2.0.0-preview.14",
        "contentHash": "bD/aprDzvUS7UGXXnP1NxY2fVw2686gNtiDXt1CV3IMA6YKu7cGXdPXfO8RYDkPNkHJ8omuHNuyUaq0OhJH82g=="
      },
      "nanoFramework.System.Diagnostics.Stopwatch": {
        "type": "Direct",
        "requested": "[2.0.0-preview.77, 2.0.0-preview.77]",
        "resolved": "2.0.0-preview.77",
        "contentHash": "sMsVTMdO6sd5ZefuaL58AgbHM/n3WKargfErwIS67kNSMsX7o/8BNpdZbJBtEJHfUaaBNjfuPSlBgSOcADefOQ=="
      },
      "nanoFramework.System.IO.Streams": {
        "type": "Direct",
        "requested": "[2.0.0-preview.18, 2.0.0-preview.18]",
        "resolved": "2.0.0-preview.18",
        "contentHash": "X6Zv6eYRWqSY1eu7S7SwfIoFtFQfc8Rrl7CJN8dxuiry0K4SioSjuRFvnGerTnCWPEXy1gXGbbLRBVkYscw9fg=="
      },
      "nanoFramework.System.Text": {
        "type": "Direct",
        "requested": "[2.0.0-preview.18, 2.0.0-preview.18]",
        "resolved": "2.0.0-preview.18",
        "contentHash": "ZnV49vaKgIzXN223aZ8Co3GZexDY+0d92QmOqfMdM/tzGIG2gnOy90UfAwQ3/n3Ea3a5RxNNgSxwxNGwsFgyMQ=="
      }
    }
  }
}